{
  "name": "gaphoosh-ai",
  "version": "5.0.0",
  "lockfileVersion": 3,
  "requires": true,
  "packages": {
    "": {
      "name": "gaphoosh-ai",
      "version": "5.0.0",
      "dependencies": {
        "@fontsource/vazirmatn": "^5.2.8"
      },
      "devDependencies": {}
    },
    "node_modules/@fontsource/vazirmatn": {
      "version": "5.2.8",
      "resolved": "https://registry.npmjs.org/@fontsource/vazirmatn/-/vazirmatn-5.2.8.tgz",
      "integrity": "sha512-WoDgv8R/y1gwgTS8Q2uL8d2ayeSGNv2IrYQ4wHmJkVwYPb8KVODrqbbvEjBqLOo5WP5kLJIrO06FRDMnSFuCaA==",
      "license": "OFL-1.1",
      "funding": {
        "url": "https://github.com/sponsors/ayuhito"
      }
    }
  }
}
